
Microsoft Visual Studio Solution File, Format Version 12.00
# Visual Studio Version 17
VisualStudioVersion = 17.4.33213.308
MinimumVisualStudioVersion = 10.0.40219.1
Project("{9A19103F-16F7-4668-BE54-9A1E7A4F7556}") = "ThemesTest", "ThemesTest\ThemesTest.csproj", "{F57F3FBD-38A2-4C29-8361-82E43150C9DA}"
EndProject
Global
	GlobalSection(SolutionConfigurationPlatforms) = preSolution
		Debug|Any CPU = Debug|Any CPU
		Release|Any CPU = Release|Any CPU
	EndGlobalSection
	GlobalSection(ProjectConfigurationPlatforms) = postSolution
		{F57F3FBD-38A2-4C29-8361-82E43150C9DA}.Debug|Any CPU.ActiveCfg = Debug|Any CPU
		{F57F3FBD-38A2-4C29-8361-82E43150C9DA}.Debug|Any CPU.Build.0 = Debug|Any CPU
		{F57F3FBD-38A2-4C29-8361-82E43150C9DA}.Release|Any CPU.ActiveCfg = Release|Any CPU
		{F57F3FBD-38A2-4C29-8361-82E43150C9DA}.Release|Any CPU.Build.0 = Release|Any CPU
	EndGlobalSection
	GlobalSection(SolutionProperties) = preSolution
		HideSolutionNode = FALSE
	EndGlobalSection
	GlobalSection(ExtensibilityGlobals) = postSolution
		SolutionGuid = {140B9097-1AC9-4DB3-A165-E2C22D8ACA40}
	EndGlobalSection
EndGlobal
